
Microsoft Visual Studio Solution File, Format Version 12.00
# Visual Studio Version 17
VisualStudioVersion = 17.3.32929.385
MinimumVisualStudioVersion = 10.0.40219.1
Project("{FAE04EC0-301F-11D3-BF4B-00C04F79EFBC}") = "PRN211_Project_Sudoku", "PRN211_Project_Sudoku\PRN211_Project_Sudoku.csproj", "{78BB2F11-8644-46E7-8580-901F18A8B226}"
EndProject
Global
	GlobalSection(SolutionConfigurationPlatforms) = preSolution
		Debug|Any CPU = Debug|Any CPU
		Release|Any CPU = Release|Any CPU
	EndGlobalSection
	GlobalSection(ProjectConfigurationPlatforms) = postSolution
		{78BB2F11-8644-46E7-8580-901F18A8B226}.Debug|Any CPU.ActiveCfg = Debug|Any CPU
		{78BB2F11-8644-46E7-8580-901F18A8B226}.Debug|Any CPU.Build.0 = Debug|Any CPU
		{78BB2F11-8644-46E7-8580-901F18A8B226}.Release|Any CPU.ActiveCfg = Release|Any CPU
		{78BB2F11-8644-46E7-8580-901F18A8B226}.Release|Any CPU.Build.0 = Release|Any CPU
	EndGlobalSection
	GlobalSection(SolutionProperties) = preSolution
		HideSolutionNode = FALSE
	EndGlobalSection
	GlobalSection(ExtensibilityGlobals) = postSolution
		SolutionGuid = {E6D09C99-774C-4D69-9D0E-9B6A7D2CFB5D}
	EndGlobalSection
EndGlobal
